
Microsoft Visual Studio Solution File, Format Version 12.00
# Visual Studio Version 17
VisualStudioVersion = 17.9.34526.213
MinimumVisualStudioVersion = 10.0.40219.1
Project("{2150E333-8FDC-42A3-9474-1A3956D46DE8}") = "src", "src", "{4120DA74-E3D4-49C9-B785-5FFE1075B14D}"
EndProject
Project("{9A19103F-16F7-4668-BE54-9A1E7A4F7556}") = "Domain", "src\Domain\Domain.csproj", "{CF91E3DC-7A2A-45DB-B72D-986994E75AAA}"
EndProject
Project("{9A19103F-16F7-4668-BE54-9A1E7A4F7556}") = "Infrastructure", "src\Infrastructure\Infrastructure.csproj", "{3E4369F0-FAE9-4EC8-BA17-7FD9C54D685E}"
EndProject
Project("{9A19103F-16F7-4668-BE54-9A1E7A4F7556}") = "Api", "src\Api\Api.csproj", "{02595EAD-D80F-48FB-BA20-E41731AA0522}"
EndProject
Project("{E53339B2-1760-4266-BCC7-CA923CBCF16C}") = "docker-compose", "docker-compose.dcproj", "{D5B35DF3-ABDE-419E-8648-4B5D997037B1}"
EndProject
Global
	GlobalSection(SolutionConfigurationPlatforms) = preSolution
		Debug|Any CPU = Debug|Any CPU
		Debug|x64 = Debug|x64
		Debug|x86 = Debug|x86
		Release|Any CPU = Release|Any CPU
		Release|x64 = Release|x64
		Release|x86 = Release|x86
	EndGlobalSection
	GlobalSection(ProjectConfigurationPlatforms) = postSolution
		{CF91E3DC-7A2A-45DB-B72D-986994E75AAA}.Debug|Any CPU.ActiveCfg = Debug|Any CPU
		{CF91E3DC-7A2A-45DB-B72D-986994E75AAA}.Debug|Any CPU.Build.0 = Debug|Any CPU
		{CF91E3DC-7A2A-45DB-B72D-986994E75AAA}.Debug|x64.ActiveCfg = Debug|Any CPU
		{CF91E3DC-7A2A-45DB-B72D-986994E75AAA}.Debug|x64.Build.0 = Debug|Any CPU
		{CF91E3DC-7A2A-45DB-B72D-986994E75AAA}.Debug|x86.ActiveCfg = Debug|Any CPU
		{CF91E3DC-7A2A-45DB-B72D-986994E75AAA}.Debug|x86.Build.0 = Debug|Any CPU
		{CF91E3DC-7A2A-45DB-B72D-986994E75AAA}.Release|Any CPU.ActiveCfg = Release|Any CPU
		{CF91E3DC-7A2A-45DB-B72D-986994E75AAA}.Release|Any CPU.Build.0 = Release|Any CPU
		{CF91E3DC-7A2A-45DB-B72D-986994E75AAA}.Release|x64.ActiveCfg = Release|Any CPU
		{CF91E3DC-7A2A-45DB-B72D-986994E75AAA}.Release|x64.Build.0 = Release|Any CPU
		{CF91E3DC-7A2A-45DB-B72D-986994E75AAA}.Release|x86.ActiveCfg = Release|Any CPU
		{CF91E3DC-7A2A-45DB-B72D-986994E75AAA}.Release|x86.Build.0 = Release|Any CPU
		{3E4369F0-FAE9-4EC8-BA17-7FD9C54D685E}.Debug|Any CPU.ActiveCfg = Debug|Any CPU
		{3E4369F0-FAE9-4EC8-BA17-7FD9C54D685E}.Debug|Any CPU.Build.0 = Debug|Any CPU
		{3E4369F0-FAE9-4EC8-BA17-7FD9C54D685E}.Debug|x64.ActiveCfg = Debug|Any CPU
		{3E4369F0-FAE9-4EC8-BA17-7FD9C54D685E}.Debug|x64.Build.0 = Debug|Any CPU
		{3E4369F0-FAE9-4EC8-BA17-7FD9C54D685E}.Debug|x86.ActiveCfg = Debug|Any CPU
		{3E4369F0-FAE9-4EC8-BA17-7FD9C54D685E}.Debug|x86.Build.0 = Debug|Any CPU
		{3E4369F0-FAE9-4EC8-BA17-7FD9C54D685E}.Release|Any CPU.ActiveCfg = Release|Any CPU
		{3E4369F0-FAE9-4EC8-BA17-7FD9C54D685E}.Release|Any CPU.Build.0 = Release|Any CPU
		{3E4369F0-FAE9-4EC8-BA17-7FD9C54D685E}.Release|x64.ActiveCfg = Release|Any CPU
		{3E4369F0-FAE9-4EC8-BA17-7FD9C54D685E}.Release|x64.Build.0 = Release|Any CPU
		{3E4369F0-FAE9-4EC8-BA17-7FD9C54D685E}.Release|x86.ActiveCfg = Release|Any CPU
		{3E4369F0-FAE9-4EC8-BA17-7FD9C54D685E}.Release|x86.Build.0 = Release|Any CPU
		{02595EAD-D80F-48FB-BA20-E41731AA0522}.Debug|Any CPU.ActiveCfg = Debug|Any CPU
		{02595EAD-D80F-48FB-BA20-E41731AA0522}.Debug|Any CPU.Build.0 = Debug|Any CPU
		{02595EAD-D80F-48FB-BA20-E41731AA0522}.Debug|x64.ActiveCfg = Debug|Any CPU
		{02595EAD-D80F-48FB-BA20-E41731AA0522}.Debug|x64.Build.0 = Debug|Any CPU
		{02595EAD-D80F-48FB-BA20-E41731AA0522}.Debug|x86.ActiveCfg = Debug|Any CPU
		{02595EAD-D80F-48FB-BA20-E41731AA0522}.Debug|x86.Build.0 = Debug|Any CPU
		{02595EAD-D80F-48FB-BA20-E41731AA0522}.Release|Any CPU.ActiveCfg = Release|Any CPU
		{02595EAD-D80F-48FB-BA20-E41731AA0522}.Release|Any CPU.Build.0 = Release|Any CPU
		{02595EAD-D80F-48FB-BA20-E41731AA0522}.Release|x64.ActiveCfg = Release|Any CPU
		{02595EAD-D80F-48FB-BA20-E41731AA0522}.Release|x64.Build.0 = Release|Any CPU
		{02595EAD-D80F-48FB-BA20-E41731AA0522}.Release|x86.ActiveCfg = Release|Any CPU
		{02595EAD-D80F-48FB-BA20-E41731AA0522}.Release|x86.Build.0 = Release|Any CPU
		{D5B35DF3-ABDE-419E-8648-4B5D997037B1}.Debug|Any CPU.ActiveCfg = Debug|Any CPU
		{D5B35DF3-ABDE-419E-8648-4B5D997037B1}.Debug|Any CPU.Build.0 = Debug|Any CPU
		{D5B35DF3-ABDE-419E-8648-4B5D997037B1}.Debug|x64.ActiveCfg = Debug|Any CPU
		{D5B35DF3-ABDE-419E-8648-4B5D997037B1}.Debug|x64.Build.0 = Debug|Any CPU
		{D5B35DF3-ABDE-419E-8648-4B5D997037B1}.Debug|x86.ActiveCfg = Debug|Any CPU
		{D5B35DF3-ABDE-419E-8648-4B5D997037B1}.Debug|x86.Build.0 = Debug|Any CPU
		{D5B35DF3-ABDE-419E-8648-4B5D997037B1}.Release|Any CPU.ActiveCfg = Release|Any CPU
		{D5B35DF3-ABDE-419E-8648-4B5D997037B1}.Release|Any CPU.Build.0 = Release|Any CPU
		{D5B35DF3-ABDE-419E-8648-4B5D997037B1}.Release|x64.ActiveCfg = Release|Any CPU
		{D5B35DF3-ABDE-419E-8648-4B5D997037B1}.Release|x64.Build.0 = Release|Any CPU
		{D5B35DF3-ABDE-419E-8648-4B5D997037B1}.Release|x86.ActiveCfg = Release|Any CPU
		{D5B35DF3-ABDE-419E-8648-4B5D997037B1}.Release|x86.Build.0 = Release|Any CPU
	EndGlobalSection
	GlobalSection(SolutionProperties) = preSolution
		HideSolutionNode = FALSE
	EndGlobalSection
	GlobalSection(NestedProjects) = preSolution
		{CF91E3DC-7A2A-45DB-B72D-986994E75AAA} = {4120DA74-E3D4-49C9-B785-5FFE1075B14D}
		{3E4369F0-FAE9-4EC8-BA17-7FD9C54D685E} = {4120DA74-E3D4-49C9-B785-5FFE1075B14D}
		{02595EAD-D80F-48FB-BA20-E41731AA0522} = {4120DA74-E3D4-49C9-B785-5FFE1075B14D}
	EndGlobalSection
	GlobalSection(ExtensibilityGlobals) = postSolution
		SolutionGuid = {9883E4D8-B01A-4FBE-912A-BE6F1133A65C}
	EndGlobalSection
EndGlobal
